
Microsoft Visual Studio Solution File, Format Version 12.00
# Visual Studio Version 17
VisualStudioVersion = 17.2.32516.85
MinimumVisualStudioVersion = 10.0.40219.1
Project("{9A19103F-16F7-4668-BE54-9A1E7A4F7556}") = "WebApiAutores", "WebApiAutores\WebApiAutores.csproj", "{9011F61C-8449-46FF-A976-4CFA1473E8D4}"
EndProject
Project("{FAE04EC0-301F-11D3-BF4B-00C04F79EFBC}") = "WebApiAutores.Tests", "WebApiAutores.Tests\WebApiAutores.Tests.csproj", "{F4897F10-4A20-4CC9-B66F-42EE2149367B}"
EndProject
Global
	GlobalSection(SolutionConfigurationPlatforms) = preSolution
		Debug|Any CPU = Debug|Any CPU
		Release|Any CPU = Release|Any CPU
	EndGlobalSection
	GlobalSection(ProjectConfigurationPlatforms) = postSolution
		{9011F61C-8449-46FF-A976-4CFA1473E8D4}.Debug|Any CPU.ActiveCfg = Debug|Any CPU
		{9011F61C-8449-46FF-A976-4CFA1473E8D4}.Debug|Any CPU.Build.0 = Debug|Any CPU
		{9011F61C-8449-46FF-A976-4CFA1473E8D4}.Release|Any CPU.ActiveCfg = Release|Any CPU
		{9011F61C-8449-46FF-A976-4CFA1473E8D4}.Release|Any CPU.Build.0 = Release|Any CPU
		{F4897F10-4A20-4CC9-B66F-42EE2149367B}.Debug|Any CPU.ActiveCfg = Debug|Any CPU
		{F4897F10-4A20-4CC9-B66F-42EE2149367B}.Debug|Any CPU.Build.0 = Debug|Any CPU
		{F4897F10-4A20-4CC9-B66F-42EE2149367B}.Release|Any CPU.ActiveCfg = Release|Any CPU
		{F4897F10-4A20-4CC9-B66F-42EE2149367B}.Release|Any CPU.Build.0 = Release|Any CPU
	EndGlobalSection
	GlobalSection(SolutionProperties) = preSolution
		HideSolutionNode = FALSE
	EndGlobalSection
	GlobalSection(ExtensibilityGlobals) = postSolution
		SolutionGuid = {A5CCD496-3BD3-4778-ADD6-F72D2006DA56}
	EndGlobalSection
EndGlobal
